
Microsoft Visual Studio Solution File, Format Version 12.00
# Visual Studio Version 16
VisualStudioVersion = 16.0.31424.327
MinimumVisualStudioVersion = 10.0.40219.1
Project("{FAE04EC0-301F-11D3-BF4B-00C04F79EFBC}") = "bilisimegitimayca", "bilisimegitimayca\bilisimegitimayca.csproj", "{992E485B-5889-4629-9E58-0344501243A7}"
EndProject
Project("{FAE04EC0-301F-11D3-BF4B-00C04F79EFBC}") = "yeniprojem", "yeniprojem\yeniprojem.csproj", "{05A7680C-EAF7-47BC-A5C2-1F42D9CF35D5}"
EndProject
Global
	GlobalSection(SolutionConfigurationPlatforms) = preSolution
		Debug|Any CPU = Debug|Any CPU
		Release|Any CPU = Release|Any CPU
	EndGlobalSection
	GlobalSection(ProjectConfigurationPlatforms) = postSolution
		{992E485B-5889-4629-9E58-0344501243A7}.Debug|Any CPU.ActiveCfg = Debug|Any CPU
		{992E485B-5889-4629-9E58-0344501243A7}.Debug|Any CPU.Build.0 = Debug|Any CPU
		{992E485B-5889-4629-9E58-0344501243A7}.Release|Any CPU.ActiveCfg = Release|Any CPU
		{992E485B-5889-4629-9E58-0344501243A7}.Release|Any CPU.Build.0 = Release|Any CPU
		{05A7680C-EAF7-47BC-A5C2-1F42D9CF35D5}.Debug|Any CPU.ActiveCfg = Debug|Any CPU
		{05A7680C-EAF7-47BC-A5C2-1F42D9CF35D5}.Debug|Any CPU.Build.0 = Debug|Any CPU
		{05A7680C-EAF7-47BC-A5C2-1F42D9CF35D5}.Release|Any CPU.ActiveCfg = Release|Any CPU
		{05A7680C-EAF7-47BC-A5C2-1F42D9CF35D5}.Release|Any CPU.Build.0 = Release|Any CPU
	EndGlobalSection
	GlobalSection(SolutionProperties) = preSolution
		HideSolutionNode = FALSE
	EndGlobalSection
	GlobalSection(ExtensibilityGlobals) = postSolution
		SolutionGuid = {2B4F66C3-80CC-4C7F-9572-DD4BF2FB35DF}
	EndGlobalSection
EndGlobal
